
Microsoft Visual Studio Solution File, Format Version 12.00
# Visual Studio 15
VisualStudioVersion = 15.0.28010.2048
MinimumVisualStudioVersion = 10.0.40219.1
Project("{9A19103F-16F7-4668-BE54-9A1E7A4F7556}") = "Chess.DataAccess", "Chess.DataAccess\Chess.DataAccess.csproj", "{EA3B2997-B259-4644-83F3-7A89DAB8AC27}"
EndProject
Project("{9A19103F-16F7-4668-BE54-9A1E7A4F7556}") = "Chess.Common", "Chess.Common\Chess.Common.csproj", "{51250B43-4AD3-410D-9B8D-5FD905D18B71}"
EndProject
Project("{FAE04EC0-301F-11D3-BF4B-00C04F79EFBC}") = "Chess.BusinessLogic", "Chess.BusinessLogic\Chess.BusinessLogic.csproj", "{56ACD0A8-36C4-4120-964A-D0FF9C06A007}"
EndProject
Global
	GlobalSection(SolutionConfigurationPlatforms) = preSolution
		Debug|Any CPU = Debug|Any CPU
		Release|Any CPU = Release|Any CPU
	EndGlobalSection
	GlobalSection(ProjectConfigurationPlatforms) = postSolution
		{EA3B2997-B259-4644-83F3-7A89DAB8AC27}.Debug|Any CPU.ActiveCfg = Debug|Any CPU
		{EA3B2997-B259-4644-83F3-7A89DAB8AC27}.Debug|Any CPU.Build.0 = Debug|Any CPU
		{EA3B2997-B259-4644-83F3-7A89DAB8AC27}.Release|Any CPU.ActiveCfg = Release|Any CPU
		{EA3B2997-B259-4644-83F3-7A89DAB8AC27}.Release|Any CPU.Build.0 = Release|Any CPU
		{51250B43-4AD3-410D-9B8D-5FD905D18B71}.Debug|Any CPU.ActiveCfg = Debug|Any CPU
		{51250B43-4AD3-410D-9B8D-5FD905D18B71}.Debug|Any CPU.Build.0 = Debug|Any CPU
		{51250B43-4AD3-410D-9B8D-5FD905D18B71}.Release|Any CPU.ActiveCfg = Release|Any CPU
		{51250B43-4AD3-410D-9B8D-5FD905D18B71}.Release|Any CPU.Build.0 = Release|Any CPU
		{56ACD0A8-36C4-4120-964A-D0FF9C06A007}.Debug|Any CPU.ActiveCfg = Debug|Any CPU
		{56ACD0A8-36C4-4120-964A-D0FF9C06A007}.Debug|Any CPU.Build.0 = Debug|Any CPU
		{56ACD0A8-36C4-4120-964A-D0FF9C06A007}.Release|Any CPU.ActiveCfg = Release|Any CPU
		{56ACD0A8-36C4-4120-964A-D0FF9C06A007}.Release|Any CPU.Build.0 = Release|Any CPU
	EndGlobalSection
	GlobalSection(SolutionProperties) = preSolution
		HideSolutionNode = FALSE
	EndGlobalSection
	GlobalSection(ExtensibilityGlobals) = postSolution
		SolutionGuid = {946F0421-F5D3-426A-9E06-457AA0FC89CD}
	EndGlobalSection
EndGlobal
